<?xml version="1.0" encoding="utf-8"?>
<Project ToolsVersion="4.0" xmlns="http://schemas.microsoft.com/developer/msbuild/2003">
  <ItemGroup>
    <Filter Include="Audio">
      <UniqueIdentifier>{80523341-c94f-4805-be5b-da37f501d9fc}</UniqueIdentifier>
    </Filter>
    <Filter Include="Game">
      <UniqueIdentifier>{6559d143-968f-42de-93c2-d99ba610debd}</UniqueIdentifier>
    </Filter>
    <Filter Include="Graphics">
      <UniqueIdentifier>{9e6c0a67-6bc8-4dbc-a745-1244d44a3566}</UniqueIdentifier>
    </Filter>
    <Filter Include="Graphics\CustomMeshes">
      <UniqueIdentifier>{11f60823-2a49-40bd-914b-66301ced7075}</UniqueIdentifier>
    </Filter>
    <Filter Include="Helpers">
      <UniqueIdentifier>{c7c049aa-6673-4cdc-bbd2-af71125211fa}</UniqueIdentifier>
    </Filter>
    <Filter Include="Input">
      <UniqueIdentifier>{4d809997-3986-464b-93a2-dbdb72c6ae09}</UniqueIdentifier>
    </Filter>
    <Filter Include="Particles">
      <UniqueIdentifier>{46373785-fb72-41c7-8fd3-af507b3a6788}</UniqueIdentifier>
    </Filter>
    <Filter Include="Timing">
      <UniqueIdentifier>{3e3bd946-cda0-4005-b781-982908ef926b}</UniqueIdentifier>
    </Filter>
    <Filter Include="UserInterface">
      <UniqueIdentifier>{e4b64a19-94bb-422f-9d3e-d7dfa21ca267}</UniqueIdentifier>
    </Filter>
  </ItemGroup>
  <ItemGroup>
    <ClCompile Include="Audio.cpp">
      <Filter>Audio</Filter>
    </ClCompile>
    <ClCompile Include="Camera.cpp">
      <Filter>Graphics</Filter>
    </ClCompile>
    <ClCompile Include="Effect.cpp">
      <Filter>Graphics</Filter>
    </ClCompile>
    <ClCompile Include="LineRenderer.cpp">
      <Filter>Graphics</Filter>
    </ClCompile>
    <ClCompile Include="Mesh.cpp">
      <Filter>Graphics</Filter>
    </ClCompile>
    <ClCompile Include="Model.cpp">
      <Filter>Graphics</Filter>
    </ClCompile>
    <ClCompile Include="QuadRenderer.cpp">
      <Filter>Graphics</Filter>
    </ClCompile>
    <ClCompile Include="Renderman.cpp">
      <Filter>Graphics</Filter>
    </ClCompile>
    <ClCompile Include="Texture.cpp">
      <Filter>Graphics</Filter>
    </ClCompile>
    <ClCompile Include="XboxController.cpp">
      <Filter>Input</Filter>
    </ClCompile>
    <ClCompile Include="ParticleEffect.cpp">
      <Filter>Particles</Filter>
    </ClCompile>
    <ClCompile Include="ParticleEmitter.cpp">
      <Filter>Particles</Filter>
    </ClCompile>
    <ClCompile Include="ParticleSystem.cpp">
      <Filter>Particles</Filter>
    </ClCompile>
    <ClCompile Include="Font.cpp">
      <Filter>UserInterface</Filter>
    </ClCompile>
    <ClCompile Include="EngineCore.cpp" />
  </ItemGroup>
  <ItemGroup>
    <ClInclude Include="Model.h">
      <Filter>Graphics</Filter>
    </ClInclude>
    <ClInclude Include="Effect.h">
      <Filter>Graphics</Filter>
    </ClInclude>
    <ClInclude Include="Camera.h">
      <Filter>Graphics</Filter>
    </ClInclude>
    <ClInclude Include="Texture.h">
      <Filter>Graphics</Filter>
    </ClInclude>
    <ClInclude Include="BinaryReaderX.h">
      <Filter>Helpers</Filter>
    </ClInclude>
    <ClInclude Include="RenderMaterial.h">
      <Filter>Graphics</Filter>
    </ClInclude>
    <ClInclude Include="Mesh.h">
      <Filter>Graphics</Filter>
    </ClInclude>
    <ClInclude Include="Renderman.h">
      <Filter>Graphics</Filter>
    </ClInclude>
    <ClInclude Include="Quad.h">
      <Filter>Graphics\CustomMeshes</Filter>
    </ClInclude>
    <ClInclude Include="QuadRenderer.h">
      <Filter>Graphics</Filter>
    </ClInclude>
    <ClInclude Include="Rect.h">
      <Filter>Helpers</Filter>
    </ClInclude>
    <ClInclude Include="Font.h">
      <Filter>UserInterface</Filter>
    </ClInclude>
    <ClInclude Include="ParticleSystem.h">
      <Filter>Particles</Filter>
    </ClInclude>
    <ClInclude Include="ParticleSettings.h">
      <Filter>Particles</Filter>
    </ClInclude>
    <ClInclude Include="ParticleEffect.h">
      <Filter>Particles</Filter>
    </ClInclude>
    <ClInclude Include="ParticleEmitter.h">
      <Filter>Particles</Filter>
    </ClInclude>
    <ClInclude Include="Sphere.h">
      <Filter>Graphics\CustomMeshes</Filter>
    </ClInclude>
    <ClInclude Include="Audio.h">
      <Filter>Audio</Filter>
    </ClInclude>
    <ClInclude Include="LineRenderer.h">
      <Filter>Graphics</Filter>
    </ClInclude>
    <ClInclude Include="XboxController.h">
      <Filter>Input</Filter>
    </ClInclude>
    <ClInclude Include="StringHelper.h">
      <Filter>Helpers</Filter>
    </ClInclude>
    <ClInclude Include="EngineCore.h" />
  </ItemGroup>
</Project>